
Microsoft Visual Studio Solution File, Format Version 12.00
# Visual Studio Version 16
VisualStudioVersion = 16.0.31019.35
MinimumVisualStudioVersion = 10.0.40219.1
Project("{9A19103F-16F7-4668-BE54-9A1E7A4F7556}") = "MorseN", "MorseN.csproj", "{10A6D67F-8309-4EDA-943B-2DBA826B52AD}"
EndProject
Project("{FAE04EC0-301F-11D3-BF4B-00C04F79EFBC}") = "VeryPerfectMorse", "..\VeryPerfectMorse\VeryPerfectMorse.csproj", "{253D7CDA-5A8A-4A80-B119-66B6AFC429A0}"
EndProject
Global
	GlobalSection(SolutionConfigurationPlatforms) = preSolution
		Debug|Any CPU = Debug|Any CPU
		Release|Any CPU = Release|Any CPU
	EndGlobalSection
	GlobalSection(ProjectConfigurationPlatforms) = postSolution
		{10A6D67F-8309-4EDA-943B-2DBA826B52AD}.Debug|Any CPU.ActiveCfg = Debug|Any CPU
		{10A6D67F-8309-4EDA-943B-2DBA826B52AD}.Debug|Any CPU.Build.0 = Debug|Any CPU
		{10A6D67F-8309-4EDA-943B-2DBA826B52AD}.Release|Any CPU.ActiveCfg = Release|Any CPU
		{10A6D67F-8309-4EDA-943B-2DBA826B52AD}.Release|Any CPU.Build.0 = Release|Any CPU
		{253D7CDA-5A8A-4A80-B119-66B6AFC429A0}.Debug|Any CPU.ActiveCfg = Debug|Any CPU
		{253D7CDA-5A8A-4A80-B119-66B6AFC429A0}.Debug|Any CPU.Build.0 = Debug|Any CPU
		{253D7CDA-5A8A-4A80-B119-66B6AFC429A0}.Release|Any CPU.ActiveCfg = Release|Any CPU
		{253D7CDA-5A8A-4A80-B119-66B6AFC429A0}.Release|Any CPU.Build.0 = Release|Any CPU
	EndGlobalSection
	GlobalSection(SolutionProperties) = preSolution
		HideSolutionNode = FALSE
	EndGlobalSection
	GlobalSection(ExtensibilityGlobals) = postSolution
		SolutionGuid = {E01C2631-CD8C-4AEF-BD55-853F67FA8D58}
	EndGlobalSection
EndGlobal
